---
lockfileVersion: '9.0'

importers:

  .:
    configDependencies: {}
    packageManagerDependencies:
      pnpm:
        specifier: 12.8.0
        version: 12.8.0

packages:

  '@pnpm/exe.android-arm64@12.8.0':
    resolution: {integrity: sha512-gilfZS0Aae1fXlh6WJVCxlB4t0Rq/kOjowRSKTeVuUGHD/Agn91j/wH9V000NDKf4D6IEzGuWbnBPf6teGM64w==}
    cpu: [arm64]
    os: [android]

  '@pnpm/exe.android-x64@12.8.0':
    resolution: {integrity: sha512-sVUvq8Jg1wINrtSxCoYfyYs1uKQ6NWjkPWWsjIznmyLX/iXywBY1GJtQ2cwfCbzzsy74L/VFkK78d/oeejUecg==}
    cpu: [x64]
    os: [android]

  '@pnpm/exe.darwin-arm64@12.8.0':
    resolution: {integrity: sha512-EaEGvBt4GzKKoH6MdzUHkwL/+FW8q1/JLJwtbYmn/dYsrADyIwaZuHmwRiCUUCDlEsk/yGjhrTuhPOwJno78pw==}
    cpu: [arm64]
    os: [darwin]

  '@pnpm/exe.darwin-x64@12.8.0':
    resolution: {integrity: sha512-bB7uMzzb3KPegc/hRtyf1fmbKXifj6t6Fp4YDzs59fOVK2s+2LDohN0EY2Dkw4QAL9dn5BIJwPeZtLTV16g1Kg==}
    cpu: [x64]
    os: [darwin]

  '@pnpm/exe.freebsd-x64@12.8.0':
    resolution: {integrity: sha512-r1HPVjrZYzLSr2oEieUimJt+gbkHvaXW9nsJeVtAbRxS+t72bsKLRe1GGtuyx6yF76VR4pcB/tdcumkHaMCWbA==}
    cpu: [x64]
    os: [freebsd]

  '@pnpm/exe.linux-arm64-musl@12.8.0':
    resolution: {integrity: sha512-UbCu3XOpG6CDMX3MXAf4IF3XQatlVOLwNkU3ltrboiNdBHD1+7bqvUWfCMLWMZmZDFZJwH7V4sPJmDIE6N/3UQ==}
    cpu: [arm64]
    os: [linux]
    libc: [musl]

  '@pnpm/exe.linux-arm64@12.8.0':
    resolution: {integrity: sha512-jVcRvNCF/lSD5N43XQImbspPiqUXB7WzNCtPeAG0u+K4KlKahMC0dwFajZL5kolRUzuxZUZIM9KdzuqM0XxmeQ==}
    cpu: [arm64]
    os: [linux]
    libc: [glibc]

  '@pnpm/exe.linux-ppc64@12.8.0':
    resolution: {integrity: sha512-lO+mX8b6ixVJv5fb1/2SZU+5HAwmn/kEbALESYN7H7J73f1lkEijIck3ny2kL/mtX5Bh9cJsDydn+vXCM8hvgQ==}
    cpu: [ppc64]
    os: [linux]
    libc: [glibc]

  '@pnpm/exe.linux-riscv64@12.8.0':
    resolution: {integrity: sha512-3U1LrGcMY16F++DhjCKHm+miIcW4DOjjkyQ2Yitg3z8xEG8KR+9ZEAMwrv3tGVvsY8nesdQKCnkWBOMsVLkeCw==}
    cpu: [riscv64]
    os: [linux]
    libc: [glibc]

  '@pnpm/exe.linux-s390x@12.8.0':
    resolution: {integrity: sha512-f99oXQsr63TL/h6/VAh/cE7KEsyQCVFgG8eNfyiBlLpehwnufo/FSvWudMEFyNA6fpG+dIGRlEnGVI8eVEz5gQ==}
    cpu: [s390x]
    os: [linux]
    libc: [glibc]

  '@pnpm/exe.linux-x64-musl@12.8.0':
    resolution: {integrity: sha512-Citic9qoi/INXqjLgxikqODVT5FKNa5uLHdIoNOQZq8i4dFPFD7vkY2cbzqS5hExrrWTdjaKp63Vk/W9VXte5g==}
    cpu: [x64]
    os: [linux]
    libc: [musl]

  '@pnpm/exe.linux-x64@12.8.0':
    resolution: {integrity: sha512-oTX7gtrsyXl1vuTBOoZoK3ouv5cEIKqgbSAVS0Cv4yr2HbR6VHG1Sy2CeO1sXeSBGJ4xTv3HYy3Dw+Xf1nNLWQ==}
    cpu: [x64]
    os: [linux]
    libc: [glibc]

  '@pnpm/exe.win32-arm64@12.8.0':
    resolution: {integrity: sha512-vU7Zpxyvnj5Rqjj6rXDVwJOdLaQtsII54H3LmCXR1rhl9TQ/J9wrB+lH9ypvVL8iURlqM/3dA3TMqM/PRkqE/A==}
    cpu: [arm64]
    os: [win32]

  '@pnpm/exe.win32-x64@12.8.0':
    resolution: {integrity: sha512-QS1bgThRBVb8e2BjCkk/i+OohAgnRB85I/yfyyXe+mFDstdQWztx50D/AEOVdhVscUbCbIJTUUObVLczdEWLRg==}
    cpu: [x64]
    os: [win32]

  pnpm@12.8.0:
    resolution: {integrity: sha512-ORbpVZzfvd99ySHomZB2WEQlFh3nc/bKv39HRn8NlFK/qJponsJFdTrT1Vq8s89wbmZ6wSBi28nGJfvXK8og3A==}
    engines: {node: '>=18.*'}
    hasBin: true

snapshots:

  '@pnpm/exe.android-arm64@12.8.0':
    optional: true

  '@pnpm/exe.android-x64@12.8.0':
    optional: true

  '@pnpm/exe.darwin-arm64@12.8.0':
    optional: true

  '@pnpm/exe.darwin-x64@12.8.0':
    optional: true

  '@pnpm/exe.freebsd-x64@12.8.0':
    optional: true

  '@pnpm/exe.linux-arm64-musl@12.8.0':
    optional: true

  '@pnpm/exe.linux-arm64@12.8.0':
    optional: true

  '@pnpm/exe.linux-ppc64@12.8.0':
    optional: true

  '@pnpm/exe.linux-riscv64@12.8.0':
    optional: true

  '@pnpm/exe.linux-s390x@12.8.0':
    optional: true

  '@pnpm/exe.linux-x64-musl@12.8.0':
    optional: true

  '@pnpm/exe.linux-x64@12.8.0':
    optional: true

  '@pnpm/exe.win32-arm64@12.8.0':
    optional: true

  '@pnpm/exe.win32-x64@12.8.0':
    optional: true

  pnpm@12.8.0:
    optionalDependencies:
      '@pnpm/exe.android-arm64': 12.8.0
      '@pnpm/exe.android-x64': 12.8.0
      '@pnpm/exe.darwin-arm64': 12.8.0
      '@pnpm/exe.darwin-x64': 12.8.0
      '@pnpm/exe.freebsd-x64': 12.8.0
      '@pnpm/exe.linux-arm64': 12.8.0
      '@pnpm/exe.linux-arm64-musl': 12.8.0
      '@pnpm/exe.linux-ppc64': 12.8.0
      '@pnpm/exe.linux-riscv64': 12.8.0
      '@pnpm/exe.linux-s390x': 12.8.0
      '@pnpm/exe.linux-x64': 12.8.0
      '@pnpm/exe.linux-x64-musl': 12.8.0
      '@pnpm/exe.win32-arm64': 12.8.0
      '@pnpm/exe.win32-x64': 12.8.0

---
lockfileVersion: '9.0'

settings:
  autoInstallPeers: true
  excludeLinksFromLockfile: false

importers:

  .:
    devDependencies:
      node:
        specifier: runtime:24.21.0
        version: runtime:24.21.0

packages:

  node@runtime:24.21.0:
    resolution:
      type: variations
      variants:
        - resolution:
            archive: tarball
            bin:
              node: bin/node
            integrity: sha256-rseyRkr7mfB4wZywbSAdVDvTsxHLoHEoK84bF8l+WLs=
            type: binary
            url: https://nodejs.org/download/release/v24.21.0/node-v24.21.0-aix-ppc64.tar.gz
          targets:
            - cpu: ppc64
              os: aix
        - resolution:
            archive: tarball
            bin:
              node: bin/node
            integrity: sha256-vtfupTJeEQjzLOUijd1qXw8IpJnuQqp0Qq6lg3AvYFc=
            type: binary
            url: https://nodejs.org/download/release/v24.21.0/node-v24.21.0-darwin-arm64.tar.gz
          targets:
            - cpu: arm64
              os: darwin
        - resolution:
            archive: tarball
            bin:
              node: bin/node
            integrity: sha256-FGLLOzBGuBXPjqQ209pFDsGp8R2sflpGsK2lMF1+gJc=
            type: binary
            url: https://nodejs.org/download/release/v24.21.0/node-v24.21.0-darwin-x64.tar.gz
          targets:
            - cpu: x64
              os: darwin
        - resolution:
            archive: tarball
            bin:
              node: bin/node
            integrity: sha256-ckKCw7Q67JmKqVJzgEZbRdIp4CG1gDX19PYwleq/5dU=
            type: binary
            url: https://nodejs.org/download/release/v24.21.0/node-v24.21.0-linux-arm64.tar.gz
          targets:
            - cpu: arm64
              os: linux
        - resolution:
            archive: tarball
            bin:
              node: bin/node
            integrity: sha256-UcXVMGbukpILYXg7A7Buy5nzZhFg97Fcp36EdBFaZ7w=
            type: binary
            url: https://nodejs.org/download/release/v24.21.0/node-v24.21.0-linux-ppc64le.tar.gz
          targets:
            - cpu: ppc64le
              os: linux
        - resolution:
            archive: tarball
            bin:
              node: bin/node
            integrity: sha256-Xy+jdCLgx13jXBaG/lHXgyTywqj+LMI5pB2cAAop2Tg=
            type: binary
            url: https://nodejs.org/download/release/v24.21.0/node-v24.21.0-linux-s390x.tar.gz
          targets:
            - cpu: s390x
              os: linux
        - resolution:
            archive: tarball
            bin:
              node: bin/node
            integrity: sha256-PWNAX8ZaDS0pdsHwvC/Se7C9ByEkaecFqsPwOuWrTJw=
            type: binary
            url: https://nodejs.org/download/release/v24.21.0/node-v24.21.0-linux-x64-musl.tar.gz
          targets:
            - cpu: x64
              os: linux
              libc: musl
        - resolution:
            archive: tarball
            bin:
              node: bin/node
            integrity: sha256-bh24fvWLiBnl1UAu/xU2SRsY7djre+5e94l4duiNxf8=
            type: binary
            url: https://nodejs.org/download/release/v24.21.0/node-v24.21.0-linux-x64.tar.gz
          targets:
            - cpu: x64
              os: linux
        - resolution:
            archive: zip
            bin:
              node: node.exe
            integrity: sha256-h3mxveHTn41CDjtXqmV7OYka9DTT3kSpGQRM7AZ4WSE=
            prefix: node-v24.21.0-win-arm64
            type: binary
            url: https://nodejs.org/download/release/v24.21.0/node-v24.21.0-win-arm64.zip
          targets:
            - cpu: arm64
              os: win32
        - resolution:
            archive: zip
            bin:
              node: node.exe
            integrity: sha256-FY92hbRN5R9sDfHRU1JsvNPhvHOajfxgdyHO913p5UE=
            prefix: node-v24.21.0-win-x64
            type: binary
            url: https://nodejs.org/download/release/v24.21.0/node-v24.21.0-win-x64.zip
          targets:
            - cpu: x64
              os: win32
        - resolution:
            archive: tarball
            bin:
              node: bin/node
            integrity: sha256-MEiwgR4VjKDYZytZyDmGF2PhREkpgNjSmzad/uRXR+Q=
            type: binary
            url: https://unofficial-builds.nodejs.org/download/release/v24.21.0/node-v24.21.0-linux-arm64-musl.tar.gz
          targets:
            - cpu: arm64
              os: linux
              libc: musl
        - resolution:
            archive: tarball
            bin:
              node: bin/node
            integrity: sha256-AacT402pjntNKjGR7nyj+T3QOE0aLvI8N5shYe5uEzo=
            type: binary
            url: https://unofficial-builds.nodejs.org/download/release/v24.21.0/node-v24.21.0-linux-x64-musl.tar.gz
          targets:
            - cpu: x64
              os: linux
              libc: musl
    version: 24.21.0
    hasBin: true

snapshots:

  node@runtime:24.21.0: {}
